
Microsoft Visual Studio Solution File, Format Version 12.00
# Visual Studio Version 17
VisualStudioVersion = 17.12.35527.113 d17.12
MinimumVisualStudioVersion = 10.0.40219.1
Project("{FAE04EC0-301F-11D3-BF4B-00C04F79EFBC}") = "StringLibrary", "StringLibrary\StringLibrary.csproj", "{323A87CE-CC14-4D93-8F66-CDCA25AA8290}"
EndProject
Project("{FAE04EC0-301F-11D3-BF4B-00C04F79EFBC}") = "ShowCase", "ShowCase\ShowCase.csproj", "{C4E112B3-AF99-4CC4-8550-82517C8B5666}"
EndProject
Project("{FAE04EC0-301F-11D3-BF4B-00C04F79EFBC}") = "StringLibraryTest", "StringLibraryTest\StringLibraryTest.csproj", "{B2106249-2602-4194-98DB-E5D97DECA365}"
EndProject
Global
	GlobalSection(SolutionConfigurationPlatforms) = preSolution
		Debug|Any CPU = Debug|Any CPU
		Release|Any CPU = Release|Any CPU
	EndGlobalSection
	GlobalSection(ProjectConfigurationPlatforms) = postSolution
		{323A87CE-CC14-4D93-8F66-CDCA25AA8290}.Debug|Any CPU.ActiveCfg = Debug|Any CPU
		{323A87CE-CC14-4D93-8F66-CDCA25AA8290}.Debug|Any CPU.Build.0 = Debug|Any CPU
		{323A87CE-CC14-4D93-8F66-CDCA25AA8290}.Release|Any CPU.ActiveCfg = Release|Any CPU
		{323A87CE-CC14-4D93-8F66-CDCA25AA8290}.Release|Any CPU.Build.0 = Release|Any CPU
		{C4E112B3-AF99-4CC4-8550-82517C8B5666}.Debug|Any CPU.ActiveCfg = Debug|Any CPU
		{C4E112B3-AF99-4CC4-8550-82517C8B5666}.Debug|Any CPU.Build.0 = Debug|Any CPU
		{C4E112B3-AF99-4CC4-8550-82517C8B5666}.Release|Any CPU.ActiveCfg = Release|Any CPU
		{C4E112B3-AF99-4CC4-8550-82517C8B5666}.Release|Any CPU.Build.0 = Release|Any CPU
		{B2106249-2602-4194-98DB-E5D97DECA365}.Debug|Any CPU.ActiveCfg = Debug|Any CPU
		{B2106249-2602-4194-98DB-E5D97DECA365}.Debug|Any CPU.Build.0 = Debug|Any CPU
		{B2106249-2602-4194-98DB-E5D97DECA365}.Release|Any CPU.ActiveCfg = Release|Any CPU
		{B2106249-2602-4194-98DB-E5D97DECA365}.Release|Any CPU.Build.0 = Release|Any CPU
	EndGlobalSection
	GlobalSection(SolutionProperties) = preSolution
		HideSolutionNode = FALSE
	EndGlobalSection
EndGlobal
